<?xml version="1.0" encoding="utf-8"?>
<Project ToolsVersion="12.0" xmlns="http://schemas.microsoft.com/developer/msbuild/2003">
  <ItemGroup>
    <ClCompile Include="C:\Users\renaud\GIT\School_Project\MI44-TP2\src\feistel.cpp">
      <Filter>Source Files</Filter>
    </ClCompile>
    <ClCompile Include="C:\Users\renaud\GIT\School_Project\MI44-TP2\src\main.cpp">
      <Filter>Source Files</Filter>
    </ClCompile>
    <ClCompile Include="C:\Users\renaud\GIT\School_Project\MI44-TP2\src\msg.cpp">
      <Filter>Source Files</Filter>
    </ClCompile>
    <ClCompile Include="C:\Users\renaud\GIT\School_Project\MI44-TP2\src\rsa.cpp">
      <Filter>Source Files</Filter>
    </ClCompile>
    <ClCompile Include="C:\Users\renaud\GIT\School_Project\MI44-TP2\project_files\MI44_RSA_automoc.cpp">
      <Filter>Source Files</Filter>
    </ClCompile>
    <ClCompile Include="Fenetre.cpp" />
  </ItemGroup>
  <ItemGroup>
    <ClInclude Include="C:\Users\renaud\GIT\School_Project\MI44-TP2\src\feistel.h">
      <Filter>Header Files</Filter>
    </ClInclude>
    <ClInclude Include="C:\Users\renaud\GIT\School_Project\MI44-TP2\src\msg.h">
      <Filter>Header Files</Filter>
    </ClInclude>
    <ClInclude Include="C:\Users\renaud\GIT\School_Project\MI44-TP2\src\rsa.h">
      <Filter>Header Files</Filter>
    </ClInclude>
    <ClInclude Include="Fenetre.h" />
  </ItemGroup>
  <ItemGroup>
    <CustomBuild Include="C:\Users\renaud\GIT\School_Project\MI44-TP2\CMakeLists.txt" />
  </ItemGroup>
  <ItemGroup>
    <Filter Include="Source Files">
      <UniqueIdentifier>{7335DB87-824B-4019-9532-5DE8345054E4}</UniqueIdentifier>
    </Filter>
    <Filter Include="Header Files">
      <UniqueIdentifier>{B1E55106-DAA3-4BDD-88FC-0A5737455854}</UniqueIdentifier>
    </Filter>
  </ItemGroup>
</Project>